bou.ke/monkey v1.0.1 h1:zEMLInw9xvNakzUUPjfS4Ds6jYPqCFx3m7bRmG5NH2U=
bou.ke/monkey v1.0.1/go.mod h1:FgHuK96Rv2Nlf+0u1OOVDpCMdsWyOFmeeketDHE7LIg=
github.com/BurntSushi/toml v0.3.0 h1:e1/Ivsx3Z0FVTV0NSOv/aVgbUWyQuzj7DDnFblkRvsY=
github.com/BurntSushi/toml v0.3.0/go.mod h1:xHWCNGjB5oqiDr8zfno3MHue2Ht5sIBksp03qcyfWMU=
github.com/BurntSushi/toml v0.3.1 h1:WXkYYl6Yr3qBf1K79EBnL4mak0OimBfB0XUf9Vl28OQ=
github.com/BurntSushi/toml v0.3.1/go.mod h1:xHWCNGjB5oqiDr8zfno3MHue2Ht5sIBksp03qcyfWMU=
github.com/Masterminds/semver v1.4.2 h1:WBLTQ37jOCzSLtXNdoo8bNM8876KhNqOKvrlGITgsTc=
github.com/Masterminds/semver v1.4.2/go.mod h1:MB6lktGJrhw8PrUyiEoblNEGEQ+RzHPF078ddwwvV3Y=
github.com/blang/semver v3.5.1+incompatible h1:cQNTCjp13qL8KC3Nbxr/y2Bqb63oX6wdnnjpJbkM4JQ=
github.com/blang/semver v3.5.1+incompatible/go.mod h1:kRBLl5iJ+tD4TcOOxsy/0fnwebNt5EWlYSAyrTnjyyk=
github.com/bouk/monkey v1.0.1 h1:82kWEtyEjyfkRZb0DaQ5+7O5dJfe3GzF/o97+yUo5d0=
github.com/bouk/monkey v1.0.1/go.mod h1:PG/63f4XEUlVyW1ttIeOJmJhhe1+t9EC/je3eTjvFhE=
github.com/buildpack/libbuildpack v0.0.0-20180917215559-e0a1f1ae6c05 h1:2RADCCZGeuYRWFY1oAZCtUxNCxfj57BiQghsA9MHT+U=
github.com/buildpack/libbuildpack v0.0.0-20180917215559-e0a1f1ae6c05/go.mod h1:8yCVTr9ZVay93VBZOqrJROhqMIA6UYT15KB85F1hyec=
github.com/cloudfoundry/dagger v0.0.0-20180927141728-9dd5da1e0b6c h1:PFGJzOPjgo0RrL8MqexGMN885Bhir7QrH1szAq4LSUg=
github.com/cloudfoundry/dagger v0.0.0-20180927141728-9dd5da1e0b6c/go.mod h1:V7Ci7vHllPdz3lDINWv5lvepQeQt3KL1PYBY6/kSg6s=
github.com/cloudfoundry/dagger v0.0.0-20180927142544-abcfe4070585 h1:pIESd3YDNw32Yh1kyzXT6COhe5UcLRjloyImWv2ppnM=
github.com/cloudfoundry/dagger v0.0.0-20180927142544-abcfe4070585/go.mod h1:V7Ci7vHllPdz3lDINWv5lvepQeQt3KL1PYBY6/kSg6s=
github.com/cloudfoundry/libbuildpack v0.0.0-20180921192109-e722b94c65b5 h1:lpAgsF5CjRbu6n023ipC1lVrC34ya4ulER0LFBY/Sfw=
github.com/cloudfoundry/libbuildpack v0.0.0-20180921192109-e722b94c65b5/go.mod h1:YCwi0hLymaYgwx8z9YrLbnIzch/2E89mqZkn2IVcpKk=
github.com/cloudfoundry/libjavabuildpack v0.0.0-20180921193157-e42458f4dcc7 h1:y+JzLnuuXvEhRLbVYuaiizifhkOCYBSTWOQP46sGDFQ=
github.com/cloudfoundry/libjavabuildpack v0.0.0-20180921193157-e42458f4dcc7/go.mod h1:uycY5GlJpTka91uKUb3HehCqMiQW5ri2lOeURm5Tjk4=
github.com/davecgh/go-spew v1.1.1 h1:vj9j/u1bqnvCEfJOwUhtlOARqs3+rkHYY13jYWTU97c=
github.com/davecgh/go-spew v1.1.1/go.mod h1:J7Y8YcW2NihsgmVo/mv3lAwl/skON4iLHjSsI+c5H38=
github.com/elazarl/goproxy v0.0.0-20180725130230-947c36da3153 h1:yUdfgN0XgIJw7foRItutHYUIhlcKzcSf5vDpdhQAKTc=
github.com/elazarl/goproxy v0.0.0-20180725130230-947c36da3153/go.mod h1:/Zj4wYkgs4iZTTu3o/KG3Itv/qCCa8VVMlb3i9OVuzc=
github.com/fatih/color v1.7.0 h1:DkWD4oS2D8LGGgTQ6IvwJJXSL5Vp2ffcQg58nFV38Ys=
github.com/fatih/color v1.7.0/go.mod h1:Zm6kSWBoL9eyXnKyktHP6abPY2pDugNf5KwzbycvMj4=
github.com/fsnotify/fsnotify v1.4.7 h1:IXs+QLmnXW2CcXuY+8Mzv/fWEsPGWxqefPtCP5CnV9I=
github.com/fsnotify/fsnotify v1.4.7/go.mod h1:jwhsz4b93w/PPRr/qN1Yymfu8t87LnFCMoQvtojpjFo=
github.com/golang/mock v1.1.1 h1:G5FRp8JnTd7RQH5kemVNlMeyXQAztQ3mOWV95KxsXH8=
github.com/golang/mock v1.1.1/go.mod h1:oTYuIxOrZwtPieC+H1uAHpcLFnEyAGVDL/k47Jfbm0A=
github.com/golang/protobuf v1.2.0 h1:P3YflyNX/ehuJFLhxviNdFxQPkGK5cDcApsge1SqnvM=
github.com/golang/protobuf v1.2.0/go.mod h1:6lQm79b+lXiMfvg/cZm0SGofjICqVBUtrP5yJMmIC1U=
github.com/h2non/gock v1.0.10 h1:EzHYzKKSLN4xk0w193uAy3tp8I3+L1jmaI2Mjg4lCgU=
github.com/h2non/gock v1.0.10/go.mod h1:CZMcB0Lg5IWnr9bF79pPMg9WeV6WumxQiUJ1UvdO1iE=
github.com/hpcloud/tail v1.0.0 h1:nfCOvKYfkgYP8hkirhJocXT2+zOD8yUNjXaWfTlyFKI=
github.com/hpcloud/tail v1.0.0/go.mod h1:ab1qPbhIpdTxEkNHXyeSf5vhxWSCs/tWer42PpOxQnU=
github.com/mattn/go-colorable v0.0.9 h1:UVL0vNpWh04HeJXV0KLcaT7r06gOH2l4OW6ddYRUIY4=
github.com/mattn/go-colorable v0.0.9/go.mod h1:9vuHe8Xs5qXnSaW/c/ABM9alt+Vo+STaOChaDxuIBZU=
github.com/mattn/go-isatty v0.0.4 h1:bnP0vzxcAdeI1zdubAl5PjU6zsERjGZb7raWodagDYs=
github.com/mattn/go-isatty v0.0.4/go.mod h1:M+lRXTBqGeGNdLjl/ufCoiOlB5xdOkqRJdNxMWT7Zi4=
github.com/nbio/st v0.0.0-20140626010706-e9e8d9816f32 h1:W6apQkHrMkS0Muv8G/TipAy/FJl/rCYT0+EuS8+Z0z4=
github.com/nbio/st v0.0.0-20140626010706-e9e8d9816f32/go.mod h1:9wM+0iRr9ahx58uYLpLIr5fm8diHn0JbqRycJi6w0Ms=
github.com/onsi/ginkgo v1.6.0 h1:Ix8l273rp3QzYgXSR+c8d1fTG7UPgYkOSELPhiY/YGw=
github.com/onsi/ginkgo v1.6.0/go.mod h1:lLunBs/Ym6LB5Z9jYTR76FiuTmxDTDusOGeTQH+WWjE=
github.com/onsi/gomega v1.4.2 h1:3mYCb7aPxS/RU7TI1y4rkEn1oKmPRjNJLNEXgw7MH2I=
github.com/onsi/gomega v1.4.2/go.mod h1:ex+gbHU/CVuBBDIJjb2X0qEXbFg53c61hWP/1CpauHY=
github.com/pmezard/go-difflib v1.0.0 h1:4DBwDE0NGyQoBHbLQYPwSUPoCMWR5BEzIk/f1lZbAQM=
github.com/pmezard/go-difflib v1.0.0/go.mod h1:iKH77koFhYxTK1pcRnkKkqfTogsbg7gZNVY4sRDYZ/4=
github.com/sclevine/spec v1.0.0 h1:ILQ08A/CHCz8GGqivOvI54Hy1U40wwcpkf7WtB1MQfY=
github.com/sclevine/spec v1.0.0/go.mod h1:W4J29eT/Kzv7/b9IWLB055Z+qvVC9vt0Arko24q7p+U=
github.com/stretchr/testify v1.2.2 h1:bSDNvY7ZPG5RlJ8otE/7V6gMiyenm9RtJ7IUVIAoJ1w=
github.com/stretchr/testify v1.2.2/go.mod h1:a8OnRcib4nhh0OaRAV+Yts87kKdq0PP7pXfy6kDkUVs=
github.com/tidwall/gjson v1.1.3 h1:u4mspaByxY+Qk4U1QYYVzGFI8qxN/3jtEV0ZDb2vRic=
github.com/tidwall/gjson v1.1.3/go.mod h1:c/nTNbUr0E0OrXEhq1pwa8iEgc2DOt4ZZqAt1HtCkPA=
github.com/tidwall/match v0.0.0-20171002075945-1731857f09b1 h1:pWIN9LOlFRCJFqWIOEbHLvY0WWJddsjH2FQ6N0HKZdU=
github.com/tidwall/match v0.0.0-20171002075945-1731857f09b1/go.mod h1:LujAq0jyVjBy028G1WhWfIzbpQfMO8bBZ6Tyb0+pL9E=
golang.org/x/net v0.0.0-20180906233101-161cd47e91fd h1:nTDtHvHSdCn1m6ITfMRqtOd/9+7a3s8RBNOZ3eYZzJA=
golang.org/x/net v0.0.0-20180906233101-161cd47e91fd/go.mod h1:mL1N/T3taQHkDXs73rZJwtUhF3w3ftmwwsq0BUmARs4=
golang.org/x/sync v0.0.0-20180314180146-1d60e4601c6f h1:wMNYb4v58l5UBM7MYRLPG6ZhfOqbKu7X5eyFl8ZhKvA=
golang.org/x/sync v0.0.0-20180314180146-1d60e4601c6f/go.mod h1:RxMgew5VJxzue5/jJTE5uejpjVlOe/izrB70Jof72aM=
golang.org/x/sys v0.0.0-20180909124046-d0be0721c37e/go.mod h1:STP8DvDyc/dI5b8T5hshtkjS+E42TnysNCUPdjciGhY=
golang.org/x/sys v0.0.0-20180920110915-d641721ec2de/go.mod h1:STP8DvDyc/dI5b8T5hshtkjS+E42TnysNCUPdjciGhY=
golang.org/x/sys v0.0.0-20180925112736-b09afc3d579e h1:LSlw/Dbj0MkNvPYAAkGinYmGliq+aqS7eKPYlE4oWC4=
golang.org/x/sys v0.0.0-20180925112736-b09afc3d579e/go.mod h1:STP8DvDyc/dI5b8T5hshtkjS+E42TnysNCUPdjciGhY=
golang.org/x/text v0.3.0 h1:g61tztE5qeGQ89tm6NTjjM9VPIm088od1l6aSorWRWg=
golang.org/x/text v0.3.0/go.mod h1:NqM8EUOU14njkJ3fqMW+pc6Ldnwhi/IjpwHt7yyuwOQ=
gopkg.in/check.v1 v0.0.0-20161208181325-20d25e280405 h1:yhCVgyC4o1eVCa2tZl7eS0r+SDo693bJlVdllGtEeKM=
gopkg.in/check.v1 v0.0.0-20161208181325-20d25e280405/go.mod h1:Co6ibVJAznAaIkqp8huTwlJQCZ016jof/cbN4VW5Yz0=
gopkg.in/fsnotify.v1 v1.4.7 h1:xOHLXZwVvI9hhs+cLKq5+I5onOuwQLhQwiu63xxlHs4=
gopkg.in/fsnotify.v1 v1.4.7/go.mod h1:Tz8NjZHkW78fSQdbUxIjBTcgA1z1m8ZHf0WmKUhAMys=
gopkg.in/jarcoal/httpmock.v1 v1.0.0-20180719183105-8007e27cdb32 h1:30DLrQoRqdUHslVMzxuKUnY4GKJGk1/FJtKy3yx4TKE=
gopkg.in/jarcoal/httpmock.v1 v1.0.0-20180719183105-8007e27cdb32/go.mod h1:d3R+NllX3X5e0zlG1Rful3uLvsGC/Q3OHut5464DEQw=
gopkg.in/tomb.v1 v1.0.0-20141024135613-dd632973f1e7 h1:uRGJdciOHaEIrze2W8Q3AKkepLTh2hOroT7a+7czfdQ=
gopkg.in/tomb.v1 v1.0.0-20141024135613-dd632973f1e7/go.mod h1:dt/ZhP58zS4L8KSrWDmTeBkI65Dw0HsyUHuEVlX15mw=
gopkg.in/yaml.v2 v2.2.1 h1:mUhvW9EsL+naU5Q3cakzfE91YhliOondGd6ZrsDBHQE=
gopkg.in/yaml.v2 v2.2.1/go.mod h1:hI93XBmqTisBFMUTm0b8Fm+jr3Dg1NNxqwp+5A1VGuI=
